// !$*UTF8*$!
{
	archiveVersion = 1;
	classes = {
	};
	objectVersion = 77;
	objects = {

/* Begin PBXContainerItemProxy section */
		CFA014A32EEFB80400D5F24A /* PBXContainerItemProxy */ = {
			isa = PBXContainerItemProxy;
			containerPortal = CFA014882EEFB80300D5F24A /* Project object */;
			proxyType = 1;
			remoteGlobalIDString = CFA0148F2EEFB80300D5F24A;
			remoteInfo = "AI-Calorie-Tracker";
		};
		CFA014AD2EEFB80400D5F24A /* PBXContainerItemProxy */ = {
			isa = PBXContainerItemProxy;
			containerPortal = CFA014882EEFB80300D5F24A /* Project object */;
			proxyType = 1;
			remoteGlobalIDString = CFA0148F2EEFB80300D5F24A;
			remoteInfo = "AI-Calorie-Tracker";
		};
/* End PBXContainerItemProxy section */

/* Begin PBXFileReference section */
		CFA014902EEFB80300D5F24A /* AI-Calorie-Tracker.app */ = {isa = PBXFileReference; explicitFileType = wrapper.application; includeInIndex = 0; path = "AI-Calorie-Tracker.app"; sourceTree = BUILT_PRODUCTS_DIR; };
		CFA014A22EEFB80400D5F24A /* AI-Calorie-TrackerTests.xctest */ = {isa = PBXFileReference; explicitFileType = wrapper.cfbundle; includeInIndex = 0; path = "AI-Calorie-TrackerTests.xctest"; sourceTree = BUILT_PRODUCTS_DIR; };
		CFA014AC2EEFB80400D5F24A /* AI-Calorie-TrackerUITests.xctest */ = {isa = PBXFileReference; explicitFileType = wrapper.cfbundle; includeInIndex = 0; path = "AI-Calorie-TrackerUITests.xctest"; sourceTree = BUILT_PRODUCTS_DIR; };
/* End PBXFileReference section */

/* Begin PBXFileSystemSynchronizedRootGroup section */
		CFA014922EEFB80300D5F24A /* AI-Calorie-Tracker */ = {
			isa = PBXFileSystemSynchronizedRootGroup;
			path = "AI-Calorie-Tracker";
			sourceTree = "<group>";
		};
		CFA014A52EEFB80400D5F24A /* AI-Calorie-TrackerTests */ = {
			isa = PBXFileSystemSynchronizedRootGroup;
			path = "AI-Calorie-TrackerTests";
			sourceTree = "<group>";
		};
		CFA014AF2EEFB80400D5F24A /* AI-Calorie-TrackerUITests */ = {
			isa = PBXFileSystemSynchronizedRootGroup;
			path = "AI-Calorie-TrackerUITests";
			sourceTree = "<group>";
		};
/* End PBXFileSystemSynchronizedRootGroup section */

/* Begin PBXFrameworksBuildPhase section */
		CFA0148D2EEFB80300D5F24A /* Frameworks */ = {
			isa = PBXFrameworksBuildPhase;
			buildActionMask = 2147483647;
			files = (
			);
			runOnlyForDeploymentPostprocessing = 0;
		};
		CFA0149F2EEFB80400D5F24A /* Frameworks */ = {
			isa = PBXFrameworksBuildPhase;
			buildActionMask = 2147483647;
			files = (
			);
			runOnlyForDeploymentPostprocessing = 0;
		};
		CFA014A92EEFB80400D5F24A /* Frameworks */ = {
			isa = PBXFrameworksBuildPhase;
			buildActionMask = 2147483647;
			files = (
			);
			runOnlyForDeploymentPostprocessing = 0;
		};
/* End PBXFrameworksBuildPhase section */

/* Begin PBXGroup section */
		CFA014872EEFB80300D5F24A = {
			isa = PBXGroup;
			children = (
				CFA014922EEFB80300D5F24A /* AI-Calorie-Tracker */,
				CFA014A52EEFB80400D5F24A /* AI-Calorie-TrackerTests */,
				CFA014AF2EEFB80400D5F24A /* AI-Calorie-TrackerUITests */,
				CFA014912EEFB80300D5F24A /* Products */,
			);
			sourceTree = "<group>";
		};
		CFA014912EEFB80300D5F24A /* Products */ = {
			isa = PBXGroup;
			children = (
				CFA014902EEFB80300D5F24A /* AI-Calorie-Tracker.app */,
				CFA014A22EEFB80400D5F24A /* AI-Calorie-TrackerTests.xctest */,
				CFA014AC2EEFB80400D5F24A /* AI-Calorie-TrackerUITests.xctest */,
			);
			name = Products;
			sourceTree = "<group>";
		};
/* End PBXGroup section */

/* Begin PBXNativeTarget section */
		CFA0148F2EEFB80300D5F24A /* AI-Calorie-Tracker */ = {
			isa = PBXNativeTarget;
			buildConfigurationList = CFA014B62EEFB80400D5F24A /* Build configuration list for PBXNativeTarget "AI-Calorie-Tracker" */;
			buildPhases = (
				CFA0148C2EEFB80300D5F24A /* Sources */,
				CFA0148D2EEFB80300D5F24A /* Frameworks */,
				CFA0148E2EEFB80300D5F24A /* Resources */,
			);
			buildRules = (
			);
			dependencies = (
			);
			fileSystemSynchronizedGroups = (
				CFA014922EEFB80300D5F24A /* AI-Calorie-Tracker */,
			);
			name = "AI-Calorie-Tracker";
			packageProductDependencies = (
			);
			productName = "AI-Calorie-Tracker";
			productReference = CFA014902EEFB80300D5F24A /* AI-Calorie-Tracker.app */;
			productType = "com.apple.product-type.application";
		};
		CFA014A12EEFB80400D5F24A /* AI-Calorie-TrackerTests */ = {
			isa = PBXNativeTarget;
			buildConfigurationList = CFA014B92EEFB80400D5F24A /* Build configuration list for PBXNativeTarget "AI-Calorie-TrackerTests" */;
			buildPhases = (
				CFA0149E2EEFB80400D5F24A /* Sources */,
				CFA0149F2EEFB80400D5F24A /* Frameworks */,
				CFA014A02EEFB80400D5F24A /* Resources */,
			);
			buildRules = (
			);
			dependencies = (
				CFA014A42EEFB80400D5F24A /* PBXTargetDependency */,
			);
			fileSystemSynchronizedGroups = (
				CFA014A52EEFB80400D5F24A /* AI-Calorie-TrackerTests */,
			);
			name = "AI-Calorie-TrackerTests";
			packageProductDependencies = (
			);
			productName = "AI-Calorie-TrackerTests";
			productReference = CFA014A22EEFB80400D5F24A /* AI-Calorie-TrackerTests.xctest */;
			productType = "com.apple.product-type.bundle.unit-test";
		};
		CFA014AB2EEFB80400D5F24A /* AI-Calorie-TrackerUITests */ = {
			isa = PBXNativeTarget;
			buildConfigurationList = CFA014BC2EEFB80400D5F24A /* Build configuration list for PBXNativeTarget "AI-Calorie-TrackerUITests" */;
			buildPhases = (
				CFA014A82EEFB80400D5F24A /* Sources */,
				CFA014A92EEFB80400D5F24A /* Frameworks */,
				CFA014AA2EEFB80400D5F24A /* Resources */,
			);
			buildRules = (
			);
			dependencies = (
				CFA014AE2EEFB80400D5F24A /* PBXTargetDependency */,
			);
			fileSystemSynchronizedGroups = (
				CFA014AF2EEFB80400D5F24A /* AI-Calorie-TrackerUITests */,
			);
			name = "AI-Calorie-TrackerUITests";
			packageProductDependencies = (
			);
			productName = "AI-Calorie-TrackerUITests";
			productReference = CFA014AC2EEFB80400D5F24A /* AI-Calorie-TrackerUITests.xctest */;
			productType = "com.apple.product-type.bundle.ui-testing";
		};
/* End PBXNativeTarget section */

/* Begin PBXProject section */
		CFA014882EEFB80300D5F24A /* Project object */ = {
			isa = PBXProject;
			attributes = {
				BuildIndependentTargetsInParallel = 1;
				LastSwiftUpdateCheck = 2600;
				LastUpgradeCheck = 2600;
				TargetAttributes = {
					CFA0148F2EEFB80300D5F24A = {
						CreatedOnToolsVersion = 26.0;
					};
					CFA014A12EEFB80400D5F24A = {
						CreatedOnToolsVersion = 26.0;
						TestTargetID = CFA0148F2EEFB80300D5F24A;
					};
					CFA014AB2EEFB80400D5F24A = {
						CreatedOnToolsVersion = 26.0;
						TestTargetID = CFA0148F2EEFB80300D5F24A;
					};
				};
			};
			buildConfigurationList = CFA0148B2EEFB80300D5F24A /* Build configuration list for PBXProject "AI-Calorie-Tracker" */;
			developmentRegion = en;
			hasScannedForEncodings = 0;
			knownRegions = (
				en,
				Base,
			);
			mainGroup = CFA014872EEFB80300D5F24A;
			minimizedProjectReferenceProxies = 1;
			preferredProjectObjectVersion = 77;
			productRefGroup = CFA014912EEFB80300D5F24A /* Products */;
			projectDirPath = "";
			projectRoot = "";
			targets = (
				CFA0148F2EEFB80300D5F24A /* AI-Calorie-Tracker */,
				CFA014A12EEFB80400D5F24A /* AI-Calorie-TrackerTests */,
				CFA014AB2EEFB80400D5F24A /* AI-Calorie-TrackerUITests */,
			);
		};
/* End PBXProject section */

/* Begin PBXResourcesBuildPhase section */
		CFA0148E2EEFB80300D5F24A /* Resources */ = {
			isa = PBXResourcesBuildPhase;
			buildActionMask = 2147483647;
			files = (
			);
			runOnlyForDeploymentPostprocessing = 0;
		};
		CFA014A02EEFB80400D5F24A /* Resources */ = {
			isa = PBXResourcesBuildPhase;
			buildActionMask = 2147483647;
			files = (
			);
			runOnlyForDeploymentPostprocessing = 0;
		};
		CFA014AA2EEFB80400D5F24A /* Resources */ = {
			isa = PBXResourcesBuildPhase;
			buildActionMask = 2147483647;
			files = (
			);
			runOnlyForDeploymentPostprocessing = 0;
		};
/* End PBXResourcesBuildPhase section */

/* Begin PBXSourcesBuildPhase section */
		CFA0148C2EEFB80300D5F24A /* Sources */ = {
			isa = PBXSourcesBuildPhase;
			buildActionMask = 2147483647;
			files = (
			);
			runOnlyForDeploymentPostprocessing = 0;
		};
		CFA0149E2EEFB80400D5F24A /* Sources */ = {
			isa = PBXSourcesBuildPhase;
			buildActionMask = 2147483647;
			files = (
			);
			runOnlyForDeploymentPostprocessing = 0;
		};
		CFA014A82EEFB80400D5F24A /* Sources */ = {
			isa = PBXSourcesBuildPhase;
			buildActionMask = 2147483647;
			files = (
			);
			runOnlyForDeploymentPostprocessing = 0;
		};
/* End PBXSourcesBuildPhase section */

/* Begin PBXTargetDependency section */
		CFA014A42EEFB80400D5F24A /* PBXTargetDependency */ = {
			isa = PBXTargetDependency;
			target = CFA0148F2EEFB80300D5F24A /* AI-Calorie-Tracker */;
			targetProxy = CFA014A32EEFB80400D5F24A /* PBXContainerItemProxy */;
		};
		CFA014AE2EEFB80400D5F24A /* PBXTargetDependency */ = {
			isa = PBXTargetDependency;
			target = CFA0148F2EEFB80300D5F24A /* AI-Calorie-Tracker */;
			targetProxy = CFA014AD2EEFB80400D5F24A /* PBXContainerItemProxy */;
		};
/* End PBXTargetDependency section */

/* Begin XCBuildConfiguration section */
		CFA014B42EEFB80400D5F24A /* Debug */ = {
			isa = XCBuildConfiguration;
			buildSettings = {
				ALWAYS_SEARCH_USER_PATHS = NO;
				ASSETCATALOG_COMPILER_GENERATE_SWIFT_ASSET_SYMBOL_EXTENSIONS = YES;
				CLANG_ANALYZER_NONNULL = YES;
				CLANG_ANALYZER_NUMBER_OBJECT_CONVERSION = YES_AGGRESSIVE;
				CLANG_CXX_LANGUAGE_STANDARD = "gnu++20";
				CLANG_ENABLE_MODULES = YES;
				CLANG_ENABLE_OBJC_ARC = YES;
				CLANG_ENABLE_OBJC_WEAK = YES;
				CLANG_WARN_BLOCK_CAPTURE_AUTORELEASING = YES;
				CLANG_WARN_BOOL_CONVERSION = YES;
				CLANG_WARN_COMMA = YES;
				CLANG_WARN_CONSTANT_CONVERSION = YES;
				CLANG_WARN_DEPRECATED_OBJC_IMPLEMENTATIONS = YES;
				CLANG_WARN_DIRECT_OBJC_ISA_USAGE = YES_ERROR;
				CLANG_WARN_DOCUMENTATION_COMMENTS = YES;
				CLANG_WARN_EMPTY_BODY = YES;
				CLANG_WARN_ENUM_CONVERSION = YES;
				CLANG_WARN_INFINITE_RECURSION = YES;
				CLANG_WARN_INT_CONVERSION = YES;
				CLANG_WARN_NON_LITERAL_NULL_CONVERSION = YES;
				CLANG_WARN_OBJC_IMPLICIT_RETAIN_SELF = YES;
				CLANG_WARN_OBJC_LITERAL_CONVERSION = YES;
				CLANG_WARN_OBJC_ROOT_CLASS = YES_ERROR;
				CLANG_WARN_QUOTED_INCLUDE_IN_FRAMEWORK_HEADER = YES;
				CLANG_WARN_RANGE_LOOP_ANALYSIS = YES;
				CLANG_WARN_STRICT_PROTOTYPES = YES;
				CLANG_WARN_SUSPICIOUS_MOVE = YES;
				CLANG_WARN_UNGUARDED_AVAILABILITY = YES_AGGRESSIVE;
				CLANG_WARN_UNREACHABLE_CODE = YES;
				CLANG_WARN__DUPLICATE_METHOD_MATCH = YES;
				COPY_PHASE_STRIP = NO;
				DEBUG_INFORMATION_FORMAT = dwarf;
				ENABLE_STRICT_OBJC_MSGSEND = YES;
				ENABLE_TESTABILITY = YES;
				ENABLE_USER_SCRIPT_SANDBOXING = YES;
				GCC_C_LANGUAGE_STANDARD = gnu17;
				GCC_DYNAMIC_NO_PIC = NO;
				GCC_NO_COMMON_BLOCKS = YES;
				GCC_OPTIMIZATION_LEVEL = 0;
				GCC_PREPROCESSOR_DEFINITIONS = (
					"DEBUG=1",
					"$(inherited)",
				);
				GCC_WARN_64_TO_32_BIT_CONVERSION = YES;
				GCC_WARN_ABOUT_RETURN_TYPE = YES_ERROR;
				GCC_WARN_UNDECLARED_SELECTOR = YES;
				GCC_WARN_UNINITIALIZED_AUTOS = YES_AGGRESSIVE;
				GCC_WARN_UNUSED_FUNCTION = YES;
				GCC_WARN_UNUSED_VARIABLE = YES;
				IPHONEOS_DEPLOYMENT_TARGET = 26.0;
				LOCALIZATION_PREFERS_STRING_CATALOGS = YES;
				MTL_ENABLE_DEBUG_INFO = INCLUDE_SOURCE;
				MTL_FAST_MATH = YES;
				ONLY_ACTIVE_ARCH = YES;
				SDKROOT = iphoneos;
				SWIFT_ACTIVE_COMPILATION_CONDITIONS = "DEBUG $(inherited)";
				SWIFT_OPTIMIZATION_LEVEL = "-Onone";
			};
			name = Debug;
		};
		CFA014B52EEFB80400D5F24A /* Release */ = {
			isa = XCBuildConfiguration;
			buildSettings = {
				ALWAYS_SEARCH_USER_PATHS = NO;
				ASSETCATALOG_COMPILER_GENERATE_SWIFT_ASSET_SYMBOL_EXTENSIONS = YES;
				CLANG_ANALYZER_NONNULL = YES;
				CLANG_ANALYZER_NUMBER_OBJECT_CONVERSION = YES_AGGRESSIVE;
				CLANG_CXX_LANGUAGE_STANDARD = "gnu++20";
				CLANG_ENABLE_MODULES = YES;
				CLANG_ENABLE_OBJC_ARC = YES;
				CLANG_ENABLE_OBJC_WEAK = YES;
				CLANG_WARN_BLOCK_CAPTURE_AUTORELEASING = YES;
				CLANG_WARN_BOOL_CONVERSION = YES;
				CLANG_WARN_COMMA = YES;
				CLANG_WARN_CONSTANT_CONVERSION = YES;
				CLANG_WARN_DEPRECATED_OBJC_IMPLEMENTATIONS = YES;
				CLANG_WARN_DIRECT_OBJC_ISA_USAGE = YES_ERROR;
				CLANG_WARN_DOCUMENTATION_COMMENTS = YES;
				CLANG_WARN_EMPTY_BODY = YES;
				CLANG_WARN_ENUM_CONVERSION = YES;
				CLANG_WARN_INFINITE_RECURSION = YES;
				CLANG_WARN_INT_CONVERSION = YES;
				CLANG_WARN_NON_LITERAL_NULL_CONVERSION = YES;
				CLANG_WARN_OBJC_IMPLICIT_RETAIN_SELF = YES;
				CLANG_WARN_OBJC_LITERAL_CONVERSION = YES;
				CLANG_WARN_OBJC_ROOT_CLASS = YES_ERROR;
				CLANG_WARN_QUOTED_INCLUDE_IN_FRAMEWORK_HEADER = YES;
				CLANG_WARN_RANGE_LOOP_ANALYSIS = YES;
				CLANG_WARN_STRICT_PROTOTYPES = YES;
				CLANG_WARN_SUSPICIOUS_MOVE = YES;
				CLANG_WARN_UNGUARDED_AVAILABILITY = YES_AGGRESSIVE;
				CLANG_WARN_UNREACHABLE_CODE = YES;
				CLANG_WARN__DUPLICATE_METHOD_MATCH = YES;
				COPY_PHASE_STRIP = NO;
				DEBUG_INFORMATION_FORMAT = "dwarf-with-dsym";
				ENABLE_NS_ASSERTIONS = NO;
				ENABLE_STRICT_OBJC_MSGSEND = YES;
				ENABLE_USER_SCRIPT_SANDBOXING = YES;
				GCC_C_LANGUAGE_STANDARD = gnu17;
				GCC_NO_COMMON_BLOCKS = YES;
				GCC_WARN_64_TO_32_BIT_CONVERSION = YES;
				GCC_WARN_ABOUT_RETURN_TYPE = YES_ERROR;
				GCC_WARN_UNDECLARED_SELECTOR = YES;
				GCC_WARN_UNINITIALIZED_AUTOS = YES_AGGRESSIVE;
				GCC_WARN_UNUSED_FUNCTION = YES;
				GCC_WARN_UNUSED_VARIABLE = YES;
				IPHONEOS_DEPLOYMENT_TARGET = 26.0;
				LOCALIZATION_PREFERS_STRING_CATALOGS = YES;
				MTL_ENABLE_DEBUG_INFO = NO;
				MTL_FAST_MATH = YES;
				SDKROOT = iphoneos;
				SWIFT_COMPILATION_MODE = wholemodule;
				VALIDATE_PRODUCT = YES;
			};
			name = Release;
		};
		CFA014B72EEFB80400D5F24A /* Debug */ = {
			isa = XCBuildConfiguration;
			buildSettings = {
				ASSETCATALOG_COMPILER_APPICON_NAME = AppIcon;
				ASSETCATALOG_COMPILER_GLOBAL_ACCENT_COLOR_NAME = AccentColor;
				CODE_SIGN_STYLE = Automatic;
				CURRENT_PROJECT_VERSION = 1;
				ENABLE_PREVIEWS = YES;
				GENERATE_INFOPLIST_FILE = YES;
				INFOPLIST_KEY_UIApplicationSceneManifest_Generation = YES;
				INFOPLIST_KEY_UIApplicationSupportsIndirectInputEvents = YES;
				INFOPLIST_KEY_UILaunchScreen_Generation = YES;
				INFOPLIST_KEY_UISupportedInterfaceOrientations_iPad = "UIInterfaceOrientationPortrait UIInterfaceOrientationPortraitUpsideDown UIInterfaceOrientationLandscapeLeft UIInterfaceOrientationLandscapeRight";
				INFOPLIST_KEY_UISupportedInterfaceOrientations_iPhone = "UIInterfaceOrientationPortrait UIInterfaceOrientationLandscapeLeft UIInterfaceOrientationLandscapeRight";
				LD_RUNPATH_SEARCH_PATHS = (
					"$(inherited)",
					"@executable_path/Frameworks",
				);
				MARKETING_VERSION = 1.0;
				PRODUCT_BUNDLE_IDENTIFIER = "com.flags.AI-Calorie-Tracker";
				PRODUCT_NAME = "$(TARGET_NAME)";
				STRING_CATALOG_GENERATE_SYMBOLS = YES;
				SWIFT_APPROACHABLE_CONCURRENCY = YES;
				SWIFT_DEFAULT_ACTOR_ISOLATION = MainActor;
				SWIFT_EMIT_LOC_STRINGS = YES;
				SWIFT_UPCOMING_FEATURE_MEMBER_IMPORT_VISIBILITY = YES;
				SWIFT_VERSION = 5.0;
				TARGETED_DEVICE_FAMILY = "1,2";
			};
			name = Debug;
		};
		CFA014B82EEFB80400D5F24A /* Release */ = {
			isa = XCBuildConfiguration;
			buildSettings = {
				ASSETCATALOG_COMPILER_APPICON_NAME = AppIcon;
				ASSETCATALOG_COMPILER_GLOBAL_ACCENT_COLOR_NAME = AccentColor;
				CODE_SIGN_STYLE = Automatic;
				CURRENT_PROJECT_VERSION = 1;
				ENABLE_PREVIEWS = YES;
				GENERATE_INFOPLIST_FILE = YES;
				INFOPLIST_KEY_UIApplicationSceneManifest_Generation = YES;
				INFOPLIST_KEY_UIApplicationSupportsIndirectInputEvents = YES;
				INFOPLIST_KEY_UILaunchScreen_Generation = YES;
				INFOPLIST_KEY_UISupportedInterfaceOrientations_iPad = "UIInterfaceOrientationPortrait UIInterfaceOrientationPortraitUpsideDown UIInterfaceOrientationLandscapeLeft UIInterfaceOrientationLandscapeRight";
				INFOPLIST_KEY_UISupportedInterfaceOrientations_iPhone = "UIInterfaceOrientationPortrait UIInterfaceOrientationLandscapeLeft UIInterfaceOrientationLandscapeRight";
				LD_RUNPATH_SEARCH_PATHS = (
					"$(inherited)",
					"@executable_path/Frameworks",
				);
				MARKETING_VERSION = 1.0;
				PRODUCT_BUNDLE_IDENTIFIER = "com.flags.AI-Calorie-Tracker";
				PRODUCT_NAME = "$(TARGET_NAME)";
				STRING_CATALOG_GENERATE_SYMBOLS = YES;
				SWIFT_APPROACHABLE_CONCURRENCY = YES;
				SWIFT_DEFAULT_ACTOR_ISOLATION = MainActor;
				SWIFT_EMIT_LOC_STRINGS = YES;
				SWIFT_UPCOMING_FEATURE_MEMBER_IMPORT_VISIBILITY = YES;
				SWIFT_VERSION = 5.0;
				TARGETED_DEVICE_FAMILY = "1,2";
			};
			name = Release;
		};
		CFA014BA2EEFB80400D5F24A /* Debug */ = {
			isa = XCBuildConfiguration;
			buildSettings = {
				BUNDLE_LOADER = "$(TEST_HOST)";
				CODE_SIGN_STYLE = Automatic;
				CURRENT_PROJECT_VERSION = 1;
				GENERATE_INFOPLIST_FILE = YES;
				IPHONEOS_DEPLOYMENT_TARGET = 26.0;
				MARKETING_VERSION = 1.0;
				PRODUCT_BUNDLE_IDENTIFIER = "com.flags.AI-Calorie-TrackerTests";
				PRODUCT_NAME = "$(TARGET_NAME)";
				STRING_CATALOG_GENERATE_SYMBOLS = NO;
				SWIFT_APPROACHABLE_CONCURRENCY = YES;
				SWIFT_EMIT_LOC_STRINGS = NO;
				SWIFT_UPCOMING_FEATURE_MEMBER_IMPORT_VISIBILITY = YES;
				SWIFT_VERSION = 5.0;
				TARGETED_DEVICE_FAMILY = "1,2";
				TEST_HOST = "$(BUILT_PRODUCTS_DIR)/AI-Calorie-Tracker.app/$(BUNDLE_EXECUTABLE_FOLDER_PATH)/AI-Calorie-Tracker";
			};
			name = Debug;
		};
		CFA014BB2EEFB80400D5F24A /* Release */ = {
			isa = XCBuildConfiguration;
			buildSettings = {
				BUNDLE_LOADER = "$(TEST_HOST)";
				CODE_SIGN_STYLE = Automatic;
				CURRENT_PROJECT_VERSION = 1;
				GENERATE_INFOPLIST_FILE = YES;
				IPHONEOS_DEPLOYMENT_TARGET = 26.0;
				MARKETING_VERSION = 1.0;
				PRODUCT_BUNDLE_IDENTIFIER = "com.flags.AI-Calorie-TrackerTests";
				PRODUCT_NAME = "$(TARGET_NAME)";
				STRING_CATALOG_GENERATE_SYMBOLS = NO;
				SWIFT_APPROACHABLE_CONCURRENCY = YES;
				SWIFT_EMIT_LOC_STRINGS = NO;
				SWIFT_UPCOMING_FEATURE_MEMBER_IMPORT_VISIBILITY = YES;
				SWIFT_VERSION = 5.0;
				TARGETED_DEVICE_FAMILY = "1,2";
				TEST_HOST = "$(BUILT_PRODUCTS_DIR)/AI-Calorie-Tracker.app/$(BUNDLE_EXECUTABLE_FOLDER_PATH)/AI-Calorie-Tracker";
			};
			name = Release;
		};
		CFA014BD2EEFB80400D5F24A /* Debug */ = {
			isa = XCBuildConfiguration;
			buildSettings = {
				CODE_SIGN_STYLE = Automatic;
				CURRENT_PROJECT_VERSION = 1;
				GENERATE_INFOPLIST_FILE = YES;
				MARKETING_VERSION = 1.0;
				PRODUCT_BUNDLE_IDENTIFIER = "com.flags.AI-Calorie-TrackerUITests";
				PRODUCT_NAME = "$(TARGET_NAME)";
				STRING_CATALOG_GENERATE_SYMBOLS = NO;
				SWIFT_APPROACHABLE_CONCURRENCY = YES;
				SWIFT_EMIT_LOC_STRINGS = NO;
				SWIFT_UPCOMING_FEATURE_MEMBER_IMPORT_VISIBILITY = YES;
				SWIFT_VERSION = 5.0;
				TARGETED_DEVICE_FAMILY = "1,2";
				TEST_TARGET_NAME = "AI-Calorie-Tracker";
			};
			name = Debug;
		};
		CFA014BE2EEFB80400D5F24A /* Release */ = {
			isa = XCBuildConfiguration;
			buildSettings = {
				CODE_SIGN_STYLE = Automatic;
				CURRENT_PROJECT_VERSION = 1;
				GENERATE_INFOPLIST_FILE = YES;
				MARKETING_VERSION = 1.0;
				PRODUCT_BUNDLE_IDENTIFIER = "com.flags.AI-Calorie-TrackerUITests";
				PRODUCT_NAME = "$(TARGET_NAME)";
				STRING_CATALOG_GENERATE_SYMBOLS = NO;
				SWIFT_APPROACHABLE_CONCURRENCY = YES;
				SWIFT_EMIT_LOC_STRINGS = NO;
				SWIFT_UPCOMING_FEATURE_MEMBER_IMPORT_VISIBILITY = YES;
				SWIFT_VERSION = 5.0;
				TARGETED_DEVICE_FAMILY = "1,2";
				TEST_TARGET_NAME = "AI-Calorie-Tracker";
			};
			name = Release;
		};
/* End XCBuildConfiguration section */

/* Begin XCConfigurationList section */
		CFA0148B2EEFB80300D5F24A /* Build configuration list for PBXProject "AI-Calorie-Tracker" */ = {
			isa = XCConfigurationList;
			buildConfigurations = (
				CFA014B42EEFB80400D5F24A /* Debug */,
				CFA014B52EEFB80400D5F24A /* Release */,
			);
			defaultConfigurationIsVisible = 0;
			defaultConfigurationName = Release;
		};
		CFA014B62EEFB80400D5F24A /* Build configuration list for PBXNativeTarget "AI-Calorie-Tracker" */ = {
			isa = XCConfigurationList;
			buildConfigurations = (
				CFA014B72EEFB80400D5F24A /* Debug */,
				CFA014B82EEFB80400D5F24A /* Release */,
			);
			defaultConfigurationIsVisible = 0;
			defaultConfigurationName = Release;
		};
		CFA014B92EEFB80400D5F24A /* Build configuration list for PBXNativeTarget "AI-Calorie-TrackerTests" */ = {
			isa = XCConfigurationList;
			buildConfigurations = (
				CFA014BA2EEFB80400D5F24A /* Debug */,
				CFA014BB2EEFB80400D5F24A /* Release */,
			);
			defaultConfigurationIsVisible = 0;
			defaultConfigurationName = Release;
		};
		CFA014BC2EEFB80400D5F24A /* Build configuration list for PBXNativeTarget "AI-Calorie-TrackerUITests" */ = {
			isa = XCConfigurationList;
			buildConfigurations = (
				CFA014BD2EEFB80400D5F24A /* Debug */,
				CFA014BE2EEFB80400D5F24A /* Release */,
			);
			defaultConfigurationIsVisible = 0;
			defaultConfigurationName = Release;
		};
/* End XCConfigurationList section */
	};
	rootObject = CFA014882EEFB80300D5F24A /* Project object */;
}
